
Microsoft Visual Studio Solution File, Format Version 12.00
# Visual Studio Version 16
VisualStudioVersion = 16.0.31229.75
MinimumVisualStudioVersion = 10.0.40219.1
Project("{FAE04EC0-301F-11D3-BF4B-00C04F79EFBC}") = "JtoDO", "JtoDO\JtoDO.csproj", "{CA58B88D-F2B9-410B-BEF3-5DCA621FAC7D}"
EndProject
Global
	GlobalSection(SolutionConfigurationPlatforms) = preSolution
		Debug|Any CPU = Debug|Any CPU
		Release|Any CPU = Release|Any CPU
	EndGlobalSection
	GlobalSection(ProjectConfigurationPlatforms) = postSolution
		{CA58B88D-F2B9-410B-BEF3-5DCA621FAC7D}.Debug|Any CPU.ActiveCfg = Debug|Any CPU
		{CA58B88D-F2B9-410B-BEF3-5DCA621FAC7D}.Debug|Any CPU.Build.0 = Debug|Any CPU
		{CA58B88D-F2B9-410B-BEF3-5DCA621FAC7D}.Release|Any CPU.ActiveCfg = Release|Any CPU
		{CA58B88D-F2B9-410B-BEF3-5DCA621FAC7D}.Release|Any CPU.Build.0 = Release|Any CPU
	EndGlobalSection
	GlobalSection(SolutionProperties) = preSolution
		HideSolutionNode = FALSE
	EndGlobalSection
	GlobalSection(ExtensibilityGlobals) = postSolution
		SolutionGuid = {51912767-6B3B-443B-AF86-91B61031C591}
	EndGlobalSection
EndGlobal
